{
  "object": {
    "pins": [
      {
        "package": "OysterKit",
        "repositoryURL": "https://github.com/SwiftStudies/OysterKit.git",
        "state": {
          "branch": "master",
          "revision": "6f48458b746a44cbfd1bef5ad69b233fa5ec7325",
          "version": null
        }
      },
      {
        "package": "TerminalKit",
        "repositoryURL": "https://github.com/SwiftStudies/TerminalKit.git",
        "state": {
          "branch": "master",
          "revision": "e5d3e0e9f2ace73feb3bcaff0294fd0d51617b26",
          "version": null
        }
      }
    ]
  },
  "version": 1
}
